<?xml version="1.0" encoding="utf-8"?>
<Project ToolsVersion="4.0" xmlns="http://schemas.microsoft.com/developer/msbuild/2003">
  <ItemGroup>
    <Filter Include="Title">
      <UniqueIdentifier>{8f6be31c-f7e9-4803-b836-d9a2828a73e2}</UniqueIdentifier>
    </Filter>
    <Filter Include="MainGame">
      <UniqueIdentifier>{3d34e859-95cf-438c-8eb0-366419f4a574}</UniqueIdentifier>
    </Filter>
  </ItemGroup>
  <ItemGroup>
    <ClCompile Include="Sorce\Title.cpp">
      <Filter>Title</Filter>
    </ClCompile>
    <ClCompile Include="Sorce\player.cpp">
      <Filter>MainGame</Filter>
    </ClCompile>
    <ClCompile Include="Sorce\ScenceManeger.cpp" />
    <ClCompile Include="Sorce\main.cpp" />
  </ItemGroup>
  <ItemGroup>
    <ClInclude Include="Sorce\Title.h">
      <Filter>Title</Filter>
    </ClInclude>
  </ItemGroup>
</Project>